
Microsoft Visual Studio Solution File, Format Version 12.00
# Visual Studio 2012
Project("{FAE04EC0-301F-11D3-BF4B-00C04F79EFBC}") = "NB Service", "NB Service\NB Service.csproj", "{A8B16384-C3D9-4CFD-B843-42C0926BCDA7}"
EndProject
Project("{FAE04EC0-301F-11D3-BF4B-00C04F79EFBC}") = "DataAccess", "DataAccess\DataAccess.csproj", "{904EEF88-97E0-4A70-B7EE-942EA6064A1C}"
EndProject
Project("{FAE04EC0-301F-11D3-BF4B-00C04F79EFBC}") = "Model", "Model\Model.csproj", "{1054202E-40DE-4B59-8CB2-772877B26125}"
EndProject
Project("{FAE04EC0-301F-11D3-BF4B-00C04F79EFBC}") = "Interfaces", "Interfaces\Interfaces.csproj", "{C2F97D33-1D2E-4FDE-9632-9CE9484B4DFB}"
EndProject
Project("{FAE04EC0-301F-11D3-BF4B-00C04F79EFBC}") = "Controller", "Controller\Controller.csproj", "{5ADB399C-741C-4F3B-BB8C-6429E7C78B88}"
EndProject
Project("{F088123C-0E9E-452A-89E6-6BA2F21D5CAC}") = "ModelingProject1", "ModelingProject1\ModelingProject1.modelproj", "{5B03EE2C-2390-485A-878E-911246AD7275}"
EndProject
Global
	GlobalSection(SolutionConfigurationPlatforms) = preSolution
		Debug|Any CPU = Debug|Any CPU
		Release|Any CPU = Release|Any CPU
	EndGlobalSection
	GlobalSection(ProjectConfigurationPlatforms) = postSolution
		{A8B16384-C3D9-4CFD-B843-42C0926BCDA7}.Debug|Any CPU.ActiveCfg = Debug|Any CPU
		{A8B16384-C3D9-4CFD-B843-42C0926BCDA7}.Debug|Any CPU.Build.0 = Debug|Any CPU
		{A8B16384-C3D9-4CFD-B843-42C0926BCDA7}.Release|Any CPU.ActiveCfg = Release|Any CPU
		{A8B16384-C3D9-4CFD-B843-42C0926BCDA7}.Release|Any CPU.Build.0 = Release|Any CPU
		{904EEF88-97E0-4A70-B7EE-942EA6064A1C}.Debug|Any CPU.ActiveCfg = Debug|Any CPU
		{904EEF88-97E0-4A70-B7EE-942EA6064A1C}.Debug|Any CPU.Build.0 = Debug|Any CPU
		{904EEF88-97E0-4A70-B7EE-942EA6064A1C}.Release|Any CPU.ActiveCfg = Release|Any CPU
		{904EEF88-97E0-4A70-B7EE-942EA6064A1C}.Release|Any CPU.Build.0 = Release|Any CPU
		{1054202E-40DE-4B59-8CB2-772877B26125}.Debug|Any CPU.ActiveCfg = Debug|Any CPU
		{1054202E-40DE-4B59-8CB2-772877B26125}.Debug|Any CPU.Build.0 = Debug|Any CPU
		{1054202E-40DE-4B59-8CB2-772877B26125}.Release|Any CPU.ActiveCfg = Release|Any CPU
		{1054202E-40DE-4B59-8CB2-772877B26125}.Release|Any CPU.Build.0 = Release|Any CPU
		{C2F97D33-1D2E-4FDE-9632-9CE9484B4DFB}.Debug|Any CPU.ActiveCfg = Debug|Any CPU
		{C2F97D33-1D2E-4FDE-9632-9CE9484B4DFB}.Debug|Any CPU.Build.0 = Debug|Any CPU
		{C2F97D33-1D2E-4FDE-9632-9CE9484B4DFB}.Release|Any CPU.ActiveCfg = Release|Any CPU
		{C2F97D33-1D2E-4FDE-9632-9CE9484B4DFB}.Release|Any CPU.Build.0 = Release|Any CPU
		{5ADB399C-741C-4F3B-BB8C-6429E7C78B88}.Debug|Any CPU.ActiveCfg = Debug|Any CPU
		{5ADB399C-741C-4F3B-BB8C-6429E7C78B88}.Debug|Any CPU.Build.0 = Debug|Any CPU
		{5ADB399C-741C-4F3B-BB8C-6429E7C78B88}.Release|Any CPU.ActiveCfg = Release|Any CPU
		{5ADB399C-741C-4F3B-BB8C-6429E7C78B88}.Release|Any CPU.Build.0 = Release|Any CPU
		{5B03EE2C-2390-485A-878E-911246AD7275}.Debug|Any CPU.ActiveCfg = Debug|Any CPU
		{5B03EE2C-2390-485A-878E-911246AD7275}.Debug|Any CPU.Build.0 = Debug|Any CPU
		{5B03EE2C-2390-485A-878E-911246AD7275}.Release|Any CPU.ActiveCfg = Release|Any CPU
		{5B03EE2C-2390-485A-878E-911246AD7275}.Release|Any CPU.Build.0 = Release|Any CPU
	EndGlobalSection
	GlobalSection(SolutionProperties) = preSolution
		HideSolutionNode = FALSE
	EndGlobalSection
EndGlobal
